
Microsoft Visual Studio Solution File, Format Version 12.00
# Visual Studio Version 17
VisualStudioVersion = 17.4.33103.184
MinimumVisualStudioVersion = 10.0.40219.1
Project("{FAE04EC0-301F-11D3-BF4B-00C04F79EFBC}") = "StudentsManagement.Application", "StudentsManagement.Application\StudentsManagement.Application.csproj", "{40252CA3-765D-449F-A447-6FFF31460757}"
EndProject
Project("{FAE04EC0-301F-11D3-BF4B-00C04F79EFBC}") = "StudentsManagement.Service", "StudentManagement.Service\StudentsManagement.Service.csproj", "{CF09C134-A27C-4439-B790-72391E96E234}"
EndProject
Project("{FAE04EC0-301F-11D3-BF4B-00C04F79EFBC}") = "StudentsManagement.Infastructure", "StudentsManagement.Infastructure\StudentsManagement.Infastructure.csproj", "{2F8BA984-3DB4-48F6-B391-D75833750458}"
EndProject
Project("{FAE04EC0-301F-11D3-BF4B-00C04F79EFBC}") = "StudentsManagement.DataAccess", "StudentsManagement.DataAcces\StudentsManagement.DataAccess.csproj", "{DC9C7A48-9038-4095-81B7-10787F6242EE}"
EndProject
Project("{FAE04EC0-301F-11D3-BF4B-00C04F79EFBC}") = "StudentsManagement.Domain", "StudentsManagement.Domain\StudentsManagement.Domain.csproj", "{AFC4939A-B550-4FC4-BD20-2492841F76BA}"
EndProject
Global
	GlobalSection(SolutionConfigurationPlatforms) = preSolution
		Debug|Any CPU = Debug|Any CPU
		Release|Any CPU = Release|Any CPU
	EndGlobalSection
	GlobalSection(ProjectConfigurationPlatforms) = postSolution
		{40252CA3-765D-449F-A447-6FFF31460757}.Debug|Any CPU.ActiveCfg = Debug|Any CPU
		{40252CA3-765D-449F-A447-6FFF31460757}.Debug|Any CPU.Build.0 = Debug|Any CPU
		{40252CA3-765D-449F-A447-6FFF31460757}.Release|Any CPU.ActiveCfg = Release|Any CPU
		{40252CA3-765D-449F-A447-6FFF31460757}.Release|Any CPU.Build.0 = Release|Any CPU
		{CF09C134-A27C-4439-B790-72391E96E234}.Debug|Any CPU.ActiveCfg = Debug|Any CPU
		{CF09C134-A27C-4439-B790-72391E96E234}.Debug|Any CPU.Build.0 = Debug|Any CPU
		{CF09C134-A27C-4439-B790-72391E96E234}.Release|Any CPU.ActiveCfg = Release|Any CPU
		{CF09C134-A27C-4439-B790-72391E96E234}.Release|Any CPU.Build.0 = Release|Any CPU
		{2F8BA984-3DB4-48F6-B391-D75833750458}.Debug|Any CPU.ActiveCfg = Debug|Any CPU
		{2F8BA984-3DB4-48F6-B391-D75833750458}.Debug|Any CPU.Build.0 = Debug|Any CPU
		{2F8BA984-3DB4-48F6-B391-D75833750458}.Release|Any CPU.ActiveCfg = Release|Any CPU
		{2F8BA984-3DB4-48F6-B391-D75833750458}.Release|Any CPU.Build.0 = Release|Any CPU
		{DC9C7A48-9038-4095-81B7-10787F6242EE}.Debug|Any CPU.ActiveCfg = Debug|Any CPU
		{DC9C7A48-9038-4095-81B7-10787F6242EE}.Debug|Any CPU.Build.0 = Debug|Any CPU
		{DC9C7A48-9038-4095-81B7-10787F6242EE}.Release|Any CPU.ActiveCfg = Release|Any CPU
		{DC9C7A48-9038-4095-81B7-10787F6242EE}.Release|Any CPU.Build.0 = Release|Any CPU
		{AFC4939A-B550-4FC4-BD20-2492841F76BA}.Debug|Any CPU.ActiveCfg = Debug|Any CPU
		{AFC4939A-B550-4FC4-BD20-2492841F76BA}.Debug|Any CPU.Build.0 = Debug|Any CPU
		{AFC4939A-B550-4FC4-BD20-2492841F76BA}.Release|Any CPU.ActiveCfg = Release|Any CPU
		{AFC4939A-B550-4FC4-BD20-2492841F76BA}.Release|Any CPU.Build.0 = Release|Any CPU
	EndGlobalSection
	GlobalSection(SolutionProperties) = preSolution
		HideSolutionNode = FALSE
	EndGlobalSection
	GlobalSection(ExtensibilityGlobals) = postSolution
		SolutionGuid = {268851E2-8004-4647-967A-E059518AF75F}
	EndGlobalSection
EndGlobal
